// !$*UTF8*$!
{
	archiveVersion = 1;
	classes = {
	};
	objectVersion = 56;
	objects = {

/* Begin PBXBuildFile section */
		E42435B928E34CFE00F17321 /* GameViewModel.swift in Sources */ = {isa = PBXBuildFile; fileRef = E42435B828E34CFE00F17321 /* GameViewModel.swift */; };
		E42435BB28E39BB900F17321 /* QuestionView.swift in Sources */ = {isa = PBXBuildFile; fileRef = E42435BA28E39BB900F17321 /* QuestionView.swift */; };
		E42435BD28E3A4EB00F17321 /* ScoreView.swift in Sources */ = {isa = PBXBuildFile; fileRef = E42435BC28E3A4EB00F17321 /* ScoreView.swift */; };
		E42435BF28E3A93400F17321 /* ScoreViewModel.swift in Sources */ = {isa = PBXBuildFile; fileRef = E42435BE28E3A93400F17321 /* ScoreViewModel.swift */; };
		E43D06BA28DDF4B900CA0315 /* Question.swift in Sources */ = {isa = PBXBuildFile; fileRef = E43D06B928DDF4B900CA0315 /* Question.swift */; };
		E43D06BC28DDF62E00CA0315 /* ChoiceTextView.swift in Sources */ = {isa = PBXBuildFile; fileRef = E43D06BB28DDF62E00CA0315 /* ChoiceTextView.swift */; };
		E45227CE28E30FB8003008F0 /* Game.swift in Sources */ = {isa = PBXBuildFile; fileRef = E45227CD28E30FB8003008F0 /* Game.swift */; };
		E4AFC87C28E32EF9000C8556 /* WelcomeView.swift in Sources */ = {isa = PBXBuildFile; fileRef = E4AFC87B28E32EF9000C8556 /* WelcomeView.swift */; };
		E4AFC87E28E33188000C8556 /* GameColor.swift in Sources */ = {isa = PBXBuildFile; fileRef = E4AFC87D28E33188000C8556 /* GameColor.swift */; };
		E4AFC88028E3337D000C8556 /* BottomTextView.swift in Sources */ = {isa = PBXBuildFile; fileRef = E4AFC87F28E3337D000C8556 /* BottomTextView.swift */; };
		E4C55B4328DDBD410009075C /* Code_HistoryApp.swift in Sources */ = {isa = PBXBuildFile; fileRef = E4C55B4228DDBD410009075C /* Code_HistoryApp.swift */; };
		E4C55B4528DDBD410009075C /* GameView.swift in Sources */ = {isa = PBXBuildFile; fileRef = E4C55B4428DDBD410009075C /* GameView.swift */; };
		E4C55B4728DDBD420009075C /* Assets.xcassets in Resources */ = {isa = PBXBuildFile; fileRef = E4C55B4628DDBD420009075C /* Assets.xcassets */; };
		E4C55B4A28DDBD420009075C /* Preview Assets.xcassets in Resources */ = {isa = PBXBuildFile; fileRef = E4C55B4928DDBD420009075C /* Preview Assets.xcassets */; };
/* End PBXBuildFile section */

/* Begin PBXFileReference section */
		E42435B828E34CFE00F17321 /* GameViewModel.swift */ = {isa = PBXFileReference; lastKnownFileType = sourcecode.swift; path = GameViewModel.swift; sourceTree = "<group>"; };
		E42435BA28E39BB900F17321 /* QuestionView.swift */ = {isa = PBXFileReference; lastKnownFileType = sourcecode.swift; path = QuestionView.swift; sourceTree = "<group>"; };
		E42435BC28E3A4EB00F17321 /* ScoreView.swift */ = {isa = PBXFileReference; lastKnownFileType = sourcecode.swift; path = ScoreView.swift; sourceTree = "<group>"; };
		E42435BE28E3A93400F17321 /* ScoreViewModel.swift */ = {isa = PBXFileReference; lastKnownFileType = sourcecode.swift; path = ScoreViewModel.swift; sourceTree = "<group>"; };
		E43D06B928DDF4B900CA0315 /* Question.swift */ = {isa = PBXFileReference; lastKnownFileType = sourcecode.swift; path = Question.swift; sourceTree = "<group>"; };
		E43D06BB28DDF62E00CA0315 /* ChoiceTextView.swift */ = {isa = PBXFileReference; lastKnownFileType = sourcecode.swift; path = ChoiceTextView.swift; sourceTree = "<group>"; };
		E45227CD28E30FB8003008F0 /* Game.swift */ = {isa = PBXFileReference; lastKnownFileType = sourcecode.swift; path = Game.swift; sourceTree = "<group>"; };
		E4AFC87B28E32EF9000C8556 /* WelcomeView.swift */ = {isa = PBXFileReference; lastKnownFileType = sourcecode.swift; path = WelcomeView.swift; sourceTree = "<group>"; };
		E4AFC87D28E33188000C8556 /* GameColor.swift */ = {isa = PBXFileReference; lastKnownFileType = sourcecode.swift; path = GameColor.swift; sourceTree = "<group>"; };
		E4AFC87F28E3337D000C8556 /* BottomTextView.swift */ = {isa = PBXFileReference; lastKnownFileType = sourcecode.swift; path = BottomTextView.swift; sourceTree = "<group>"; };
		E4C55B3F28DDBD410009075C /* Code History.app */ = {isa = PBXFileReference; explicitFileType = wrapper.application; includeInIndex = 0; path = "Code History.app"; sourceTree = BUILT_PRODUCTS_DIR; };
		E4C55B4228DDBD410009075C /* Code_HistoryApp.swift */ = {isa = PBXFileReference; lastKnownFileType = sourcecode.swift; path = Code_HistoryApp.swift; sourceTree = "<group>"; };
		E4C55B4428DDBD410009075C /* GameView.swift */ = {isa = PBXFileReference; lastKnownFileType = sourcecode.swift; path = GameView.swift; sourceTree = "<group>"; };
		E4C55B4628DDBD420009075C /* Assets.xcassets */ = {isa = PBXFileReference; lastKnownFileType = folder.assetcatalog; path = Assets.xcassets; sourceTree = "<group>"; };
		E4C55B4928DDBD420009075C /* Preview Assets.xcassets */ = {isa = PBXFileReference; lastKnownFileType = folder.assetcatalog; path = "Preview Assets.xcassets"; sourceTree = "<group>"; };
/* End PBXFileReference section */

/* Begin PBXFrameworksBuildPhase section */
		E4C55B3C28DDBD410009075C /* Frameworks */ = {
			isa = PBXFrameworksBuildPhase;
			buildActionMask = 2147483647;
			files = (
			);
			runOnlyForDeploymentPostprocessing = 0;
		};
/* End PBXFrameworksBuildPhase section */

/* Begin PBXGroup section */
		E42435B728E34CD800F17321 /* ViewModels */ = {
			isa = PBXGroup;
			children = (
				E42435B828E34CFE00F17321 /* GameViewModel.swift */,
				E42435BE28E3A93400F17321 /* ScoreViewModel.swift */,
			);
			path = ViewModels;
			sourceTree = "<group>";
		};
		E45227CF28E3100E003008F0 /* Models */ = {
			isa = PBXGroup;
			children = (
				E45227CD28E30FB8003008F0 /* Game.swift */,
				E43D06B928DDF4B900CA0315 /* Question.swift */,
			);
			path = Models;
			sourceTree = "<group>";
		};
		E45227D028E3102F003008F0 /* Views */ = {
			isa = PBXGroup;
			children = (
				E4AFC87F28E3337D000C8556 /* BottomTextView.swift */,
				E43D06BB28DDF62E00CA0315 /* ChoiceTextView.swift */,
				E4C55B4428DDBD410009075C /* GameView.swift */,
				E42435BA28E39BB900F17321 /* QuestionView.swift */,
				E42435BC28E3A4EB00F17321 /* ScoreView.swift */,
				E4AFC87B28E32EF9000C8556 /* WelcomeView.swift */,
			);
			path = Views;
			sourceTree = "<group>";
		};
		E4C55B3628DDBD410009075C = {
			isa = PBXGroup;
			children = (
				E4C55B4128DDBD410009075C /* Code History */,
				E4C55B4028DDBD410009075C /* Products */,
			);
			sourceTree = "<group>";
		};
		E4C55B4028DDBD410009075C /* Products */ = {
			isa = PBXGroup;
			children = (
				E4C55B3F28DDBD410009075C /* Code History.app */,
			);
			name = Products;
			sourceTree = "<group>";
		};
		E4C55B4128DDBD410009075C /* Code History */ = {
			isa = PBXGroup;
			children = (
				E45227CF28E3100E003008F0 /* Models */,
				E45227D028E3102F003008F0 /* Views */,
				E42435B728E34CD800F17321 /* ViewModels */,
				E4C55B4228DDBD410009075C /* Code_HistoryApp.swift */,
				E4C55B4628DDBD420009075C /* Assets.xcassets */,
				E4C55B4828DDBD420009075C /* Preview Content */,
				E4AFC87D28E33188000C8556 /* GameColor.swift */,
			);
			path = "Code History";
			sourceTree = "<group>";
		};
		E4C55B4828DDBD420009075C /* Preview Content */ = {
			isa = PBXGroup;
			children = (
				E4C55B4928DDBD420009075C /* Preview Assets.xcassets */,
			);
			path = "Preview Content";
			sourceTree = "<group>";
		};
/* End PBXGroup section */

/* Begin PBXNativeTarget section */
		E4C55B3E28DDBD410009075C /* Code History */ = {
			isa = PBXNativeTarget;
			buildConfigurationList = E4C55B4D28DDBD420009075C /* Build configuration list for PBXNativeTarget "Code History" */;
			buildPhases = (
				E4C55B3B28DDBD410009075C /* Sources */,
				E4C55B3C28DDBD410009075C /* Frameworks */,
				E4C55B3D28DDBD410009075C /* Resources */,
			);
			buildRules = (
			);
			dependencies = (
			);
			name = "Code History";
			productName = "Code History";
			productReference = E4C55B3F28DDBD410009075C /* Code History.app */;
			productType = "com.apple.product-type.application";
		};
/* End PBXNativeTarget section */

/* Begin PBXProject section */
		E4C55B3728DDBD410009075C /* Project object */ = {
			isa = PBXProject;
			attributes = {
				BuildIndependentTargetsInParallel = 1;
				LastSwiftUpdateCheck = 1400;
				LastUpgradeCheck = 1400;
				TargetAttributes = {
					E4C55B3E28DDBD410009075C = {
						CreatedOnToolsVersion = 14.0;
					};
				};
			};
			buildConfigurationList = E4C55B3A28DDBD410009075C /* Build configuration list for PBXProject "Code History" */;
			compatibilityVersion = "Xcode 14.0";
			developmentRegion = en;
			hasScannedForEncodings = 0;
			knownRegions = (
				en,
				Base,
			);
			mainGroup = E4C55B3628DDBD410009075C;
			productRefGroup = E4C55B4028DDBD410009075C /* Products */;
			projectDirPath = "";
			projectRoot = "";
			targets = (
				E4C55B3E28DDBD410009075C /* Code History */,
			);
		};
/* End PBXProject section */

/* Begin PBXResourcesBuildPhase section */
		E4C55B3D28DDBD410009075C /* Resources */ = {
			isa = PBXResourcesBuildPhase;
			buildActionMask = 2147483647;
			files = (
				E4C55B4A28DDBD420009075C /* Preview Assets.xcassets in Resources */,
				E4C55B4728DDBD420009075C /* Assets.xcassets in Resources */,
			);
			runOnlyForDeploymentPostprocessing = 0;
		};
/* End PBXResourcesBuildPhase section */

/* Begin PBXSourcesBuildPhase section */
		E4C55B3B28DDBD410009075C /* Sources */ = {
			isa = PBXSourcesBuildPhase;
			buildActionMask = 2147483647;
			files = (
				E42435BB28E39BB900F17321 /* QuestionView.swift in Sources */,
				E43D06BA28DDF4B900CA0315 /* Question.swift in Sources */,
				E4AFC87C28E32EF9000C8556 /* WelcomeView.swift in Sources */,
				E42435BF28E3A93400F17321 /* ScoreViewModel.swift in Sources */,
				E45227CE28E30FB8003008F0 /* Game.swift in Sources */,
				E4C55B4528DDBD410009075C /* GameView.swift in Sources */,
				E4AFC88028E3337D000C8556 /* BottomTextView.swift in Sources */,
				E4AFC87E28E33188000C8556 /* GameColor.swift in Sources */,
				E42435BD28E3A4EB00F17321 /* ScoreView.swift in Sources */,
				E43D06BC28DDF62E00CA0315 /* ChoiceTextView.swift in Sources */,
				E42435B928E34CFE00F17321 /* GameViewModel.swift in Sources */,
				E4C55B4328DDBD410009075C /* Code_HistoryApp.swift in Sources */,
			);
			runOnlyForDeploymentPostprocessing = 0;
		};
/* End PBXSourcesBuildPhase section */

/* Begin XCBuildConfiguration section */
		E4C55B4B28DDBD420009075C /* Debug */ = {
			isa = XCBuildConfiguration;
			buildSettings = {
				ALWAYS_SEARCH_USER_PATHS = NO;
				CLANG_ANALYZER_NONNULL = YES;
				CLANG_ANALYZER_NUMBER_OBJECT_CONVERSION = YES_AGGRESSIVE;
				CLANG_CXX_LANGUAGE_STANDARD = "gnu++20";
				CLANG_ENABLE_MODULES = YES;
				CLANG_ENABLE_OBJC_ARC = YES;
				CLANG_ENABLE_OBJC_WEAK = YES;
				CLANG_WARN_BLOCK_CAPTURE_AUTORELEASING = YES;
				CLANG_WARN_BOOL_CONVERSION = YES;
				CLANG_WARN_COMMA = YES;
				CLANG_WARN_CONSTANT_CONVERSION = YES;
				CLANG_WARN_DEPRECATED_OBJC_IMPLEMENTATIONS = YES;
				CLANG_WARN_DIRECT_OBJC_ISA_USAGE = YES_ERROR;
				CLANG_WARN_DOCUMENTATION_COMMENTS = YES;
				CLANG_WARN_EMPTY_BODY = YES;
				CLANG_WARN_ENUM_CONVERSION = YES;
				CLANG_WARN_INFINITE_RECURSION = YES;
				CLANG_WARN_INT_CONVERSION = YES;
				CLANG_WARN_NON_LITERAL_NULL_CONVERSION = YES;
				CLANG_WARN_OBJC_IMPLICIT_RETAIN_SELF = YES;
				CLANG_WARN_OBJC_LITERAL_CONVERSION = YES;
				CLANG_WARN_OBJC_ROOT_CLASS = YES_ERROR;
				CLANG_WARN_QUOTED_INCLUDE_IN_FRAMEWORK_HEADER = YES;
				CLANG_WARN_RANGE_LOOP_ANALYSIS = YES;
				CLANG_WARN_STRICT_PROTOTYPES = YES;
				CLANG_WARN_SUSPICIOUS_MOVE = YES;
				CLANG_WARN_UNGUARDED_AVAILABILITY = YES_AGGRESSIVE;
				CLANG_WARN_UNREACHABLE_CODE = YES;
				CLANG_WARN__DUPLICATE_METHOD_MATCH = YES;
				COPY_PHASE_STRIP = NO;
				DEBUG_INFORMATION_FORMAT = dwarf;
				ENABLE_STRICT_OBJC_MSGSEND = YES;
				ENABLE_TESTABILITY = YES;
				GCC_C_LANGUAGE_STANDARD = gnu11;
				GCC_DYNAMIC_NO_PIC = NO;
				GCC_NO_COMMON_BLOCKS = YES;
				GCC_OPTIMIZATION_LEVEL = 0;
				GCC_PREPROCESSOR_DEFINITIONS = (
					"DEBUG=1",
					"$(inherited)",
				);
				GCC_WARN_64_TO_32_BIT_CONVERSION = YES;
				GCC_WARN_ABOUT_RETURN_TYPE = YES_ERROR;
				GCC_WARN_UNDECLARED_SELECTOR = YES;
				GCC_WARN_UNINITIALIZED_AUTOS = YES_AGGRESSIVE;
				GCC_WARN_UNUSED_FUNCTION = YES;
				GCC_WARN_UNUSED_VARIABLE = YES;
				IPHONEOS_DEPLOYMENT_TARGET = 16.0;
				MTL_ENABLE_DEBUG_INFO = INCLUDE_SOURCE;
				MTL_FAST_MATH = YES;
				ONLY_ACTIVE_ARCH = YES;
				SDKROOT = iphoneos;
				SWIFT_ACTIVE_COMPILATION_CONDITIONS = DEBUG;
				SWIFT_OPTIMIZATION_LEVEL = "-Onone";
			};
			name = Debug;
		};
		E4C55B4C28DDBD420009075C /* Release */ = {
			isa = XCBuildConfiguration;
			buildSettings = {
				ALWAYS_SEARCH_USER_PATHS = NO;
				CLANG_ANALYZER_NONNULL = YES;
				CLANG_ANALYZER_NUMBER_OBJECT_CONVERSION = YES_AGGRESSIVE;
				CLANG_CXX_LANGUAGE_STANDARD = "gnu++20";
				CLANG_ENABLE_MODULES = YES;
				CLANG_ENABLE_OBJC_ARC = YES;
				CLANG_ENABLE_OBJC_WEAK = YES;
				CLANG_WARN_BLOCK_CAPTURE_AUTORELEASING = YES;
				CLANG_WARN_BOOL_CONVERSION = YES;
				CLANG_WARN_COMMA = YES;
				CLANG_WARN_CONSTANT_CONVERSION = YES;
				CLANG_WARN_DEPRECATED_OBJC_IMPLEMENTATIONS = YES;
				CLANG_WARN_DIRECT_OBJC_ISA_USAGE = YES_ERROR;
				CLANG_WARN_DOCUMENTATION_COMMENTS = YES;
				CLANG_WARN_EMPTY_BODY = YES;
				CLANG_WARN_ENUM_CONVERSION = YES;
				CLANG_WARN_INFINITE_RECURSION = YES;
				CLANG_WARN_INT_CONVERSION = YES;
				CLANG_WARN_NON_LITERAL_NULL_CONVERSION = YES;
				CLANG_WARN_OBJC_IMPLICIT_RETAIN_SELF = YES;
				CLANG_WARN_OBJC_LITERAL_CONVERSION = YES;
				CLANG_WARN_OBJC_ROOT_CLASS = YES_ERROR;
				CLANG_WARN_QUOTED_INCLUDE_IN_FRAMEWORK_HEADER = YES;
				CLANG_WARN_RANGE_LOOP_ANALYSIS = YES;
				CLANG_WARN_STRICT_PROTOTYPES = YES;
				CLANG_WARN_SUSPICIOUS_MOVE = YES;
				CLANG_WARN_UNGUARDED_AVAILABILITY = YES_AGGRESSIVE;
				CLANG_WARN_UNREACHABLE_CODE = YES;
				CLANG_WARN__DUPLICATE_METHOD_MATCH = YES;
				COPY_PHASE_STRIP = NO;
				DEBUG_INFORMATION_FORMAT = "dwarf-with-dsym";
				ENABLE_NS_ASSERTIONS = NO;
				ENABLE_STRICT_OBJC_MSGSEND = YES;
				GCC_C_LANGUAGE_STANDARD = gnu11;
				GCC_NO_COMMON_BLOCKS = YES;
				GCC_WARN_64_TO_32_BIT_CONVERSION = YES;
				GCC_WARN_ABOUT_RETURN_TYPE = YES_ERROR;
				GCC_WARN_UNDECLARED_SELECTOR = YES;
				GCC_WARN_UNINITIALIZED_AUTOS = YES_AGGRESSIVE;
				GCC_WARN_UNUSED_FUNCTION = YES;
				GCC_WARN_UNUSED_VARIABLE = YES;
				IPHONEOS_DEPLOYMENT_TARGET = 16.0;
				MTL_ENABLE_DEBUG_INFO = NO;
				MTL_FAST_MATH = YES;
				SDKROOT = iphoneos;
				SWIFT_COMPILATION_MODE = wholemodule;
				SWIFT_OPTIMIZATION_LEVEL = "-O";
				VALIDATE_PRODUCT = YES;
			};
			name = Release;
		};
		E4C55B4E28DDBD420009075C /* Debug */ = {
			isa = XCBuildConfiguration;
			buildSettings = {
				ASSETCATALOG_COMPILER_APPICON_NAME = AppIcon;
				ASSETCATALOG_COMPILER_GLOBAL_ACCENT_COLOR_NAME = AccentColor;
				CODE_SIGN_STYLE = Automatic;
				CURRENT_PROJECT_VERSION = 1;
				DEVELOPMENT_ASSET_PATHS = "\"Code History/Preview Content\"";
				ENABLE_PREVIEWS = YES;
				GENERATE_INFOPLIST_FILE = YES;
				INFOPLIST_KEY_UIApplicationSceneManifest_Generation = YES;
				INFOPLIST_KEY_UIApplicationSupportsIndirectInputEvents = YES;
				INFOPLIST_KEY_UILaunchScreen_Generation = YES;
				INFOPLIST_KEY_UISupportedInterfaceOrientations_iPad = "UIInterfaceOrientationPortrait UIInterfaceOrientationPortraitUpsideDown UIInterfaceOrientationLandscapeLeft UIInterfaceOrientationLandscapeRight";
				INFOPLIST_KEY_UISupportedInterfaceOrientations_iPhone = "UIInterfaceOrientationPortrait UIInterfaceOrientationLandscapeLeft UIInterfaceOrientationLandscapeRight";
				LD_RUNPATH_SEARCH_PATHS = (
					"$(inherited)",
					"@executable_path/Frameworks",
				);
				MARKETING_VERSION = 1.0;
				PRODUCT_BUNDLE_IDENTIFIER = "lopi.Code-History";
				PRODUCT_NAME = "$(TARGET_NAME)";
				SWIFT_EMIT_LOC_STRINGS = YES;
				SWIFT_VERSION = 5.0;
				TARGETED_DEVICE_FAMILY = "1,2";
			};
			name = Debug;
		};
		E4C55B4F28DDBD420009075C /* Release */ = {
			isa = XCBuildConfiguration;
			buildSettings = {
				ASSETCATALOG_COMPILER_APPICON_NAME = AppIcon;
				ASSETCATALOG_COMPILER_GLOBAL_ACCENT_COLOR_NAME = AccentColor;
				CODE_SIGN_STYLE = Automatic;
				CURRENT_PROJECT_VERSION = 1;
				DEVELOPMENT_ASSET_PATHS = "\"Code History/Preview Content\"";
				ENABLE_PREVIEWS = YES;
				GENERATE_INFOPLIST_FILE = YES;
				INFOPLIST_KEY_UIApplicationSceneManifest_Generation = YES;
				INFOPLIST_KEY_UIApplicationSupportsIndirectInputEvents = YES;
				INFOPLIST_KEY_UILaunchScreen_Generation = YES;
				INFOPLIST_KEY_UISupportedInterfaceOrientations_iPad = "UIInterfaceOrientationPortrait UIInterfaceOrientationPortraitUpsideDown UIInterfaceOrientationLandscapeLeft UIInterfaceOrientationLandscapeRight";
				INFOPLIST_KEY_UISupportedInterfaceOrientations_iPhone = "UIInterfaceOrientationPortrait UIInterfaceOrientationLandscapeLeft UIInterfaceOrientationLandscapeRight";
				LD_RUNPATH_SEARCH_PATHS = (
					"$(inherited)",
					"@executable_path/Frameworks",
				);
				MARKETING_VERSION = 1.0;
				PRODUCT_BUNDLE_IDENTIFIER = "lopi.Code-History";
				PRODUCT_NAME = "$(TARGET_NAME)";
				SWIFT_EMIT_LOC_STRINGS = YES;
				SWIFT_VERSION = 5.0;
				TARGETED_DEVICE_FAMILY = "1,2";
			};
			name = Release;
		};
/* End XCBuildConfiguration section */

/* Begin XCConfigurationList section */
		E4C55B3A28DDBD410009075C /* Build configuration list for PBXProject "Code History" */ = {
			isa = XCConfigurationList;
			buildConfigurations = (
				E4C55B4B28DDBD420009075C /* Debug */,
				E4C55B4C28DDBD420009075C /* Release */,
			);
			defaultConfigurationIsVisible = 0;
			defaultConfigurationName = Release;
		};
		E4C55B4D28DDBD420009075C /* Build configuration list for PBXNativeTarget "Code History" */ = {
			isa = XCConfigurationList;
			buildConfigurations = (
				E4C55B4E28DDBD420009075C /* Debug */,
				E4C55B4F28DDBD420009075C /* Release */,
			);
			defaultConfigurationIsVisible = 0;
			defaultConfigurationName = Release;
		};
/* End XCConfigurationList section */
	};
	rootObject = E4C55B3728DDBD410009075C /* Project object */;
}
